{
  "object": {
    "pins": [
      {
        "package": "CLibetpan",
        "repositoryURL": "https://github.com/brian-schick/CLibetpan.git",
        "state": {
          "branch": "master",
          "revision": "8735a91d131bf128d962fd3b26c63395f57db24a",
          "version": null
        }
      }
    ]
  },
  "version": 1
}
